
Microsoft Visual Studio Solution File, Format Version 12.00
# Visual Studio Version 16
VisualStudioVersion = 16.0.30225.117
MinimumVisualStudioVersion = 10.0.40219.1
Project("{FAE04EC0-301F-11D3-BF4B-00C04F79EFBC}") = "WindowsFormsApp47", "WindowsFormsApp47\WindowsFormsApp47.csproj", "{AA230DC0-3B99-4AED-94B6-C9A0DDA53A34}"
EndProject
Global
	GlobalSection(SolutionConfigurationPlatforms) = preSolution
		Debug|Any CPU = Debug|Any CPU
		Release|Any CPU = Release|Any CPU
	EndGlobalSection
	GlobalSection(ProjectConfigurationPlatforms) = postSolution
		{AA230DC0-3B99-4AED-94B6-C9A0DDA53A34}.Debug|Any CPU.ActiveCfg = Debug|Any CPU
		{AA230DC0-3B99-4AED-94B6-C9A0DDA53A34}.Debug|Any CPU.Build.0 = Debug|Any CPU
		{AA230DC0-3B99-4AED-94B6-C9A0DDA53A34}.Release|Any CPU.ActiveCfg = Release|Any CPU
		{AA230DC0-3B99-4AED-94B6-C9A0DDA53A34}.Release|Any CPU.Build.0 = Release|Any CPU
	EndGlobalSection
	GlobalSection(SolutionProperties) = preSolution
		HideSolutionNode = FALSE
	EndGlobalSection
	GlobalSection(ExtensibilityGlobals) = postSolution
		SolutionGuid = {FE914899-A285-43C1-B010-0622B380712E}
	EndGlobalSection
EndGlobal
